
Microsoft Visual Studio Solution File, Format Version 12.00
# Visual Studio 15
VisualStudioVersion = 15.0.28307.1259
MinimumVisualStudioVersion = 10.0.40219.1
Project("{9A19103F-16F7-4668-BE54-9A1E7A4F7556}") = "IfsParticipe", "IfsParticipe\IfsParticipe.csproj", "{DA06B2EF-F49E-4ECF-9C66-5B1BFE70371D}"
EndProject
Global
	GlobalSection(SolutionConfigurationPlatforms) = preSolution
		Debug|Any CPU = Debug|Any CPU
		Release|Any CPU = Release|Any CPU
	EndGlobalSection
	GlobalSection(ProjectConfigurationPlatforms) = postSolution
		{DA06B2EF-F49E-4ECF-9C66-5B1BFE70371D}.Debug|Any CPU.ActiveCfg = Debug|Any CPU
		{DA06B2EF-F49E-4ECF-9C66-5B1BFE70371D}.Debug|Any CPU.Build.0 = Debug|Any CPU
		{DA06B2EF-F49E-4ECF-9C66-5B1BFE70371D}.Release|Any CPU.ActiveCfg = Release|Any CPU
		{DA06B2EF-F49E-4ECF-9C66-5B1BFE70371D}.Release|Any CPU.Build.0 = Release|Any CPU
	EndGlobalSection
	GlobalSection(SolutionProperties) = preSolution
		HideSolutionNode = FALSE
	EndGlobalSection
	GlobalSection(ExtensibilityGlobals) = postSolution
		SolutionGuid = {28E09C9A-E181-4972-87B1-9098BDC8A76D}
	EndGlobalSection
EndGlobal
